
Microsoft Visual Studio Solution File, Format Version 12.00
# Visual Studio Version 17
VisualStudioVersion = 17.7.34031.279
MinimumVisualStudioVersion = 10.0.40219.1
Project("{9A19103F-16F7-4668-BE54-9A1E7A4F7556}") = "Portal.Application", "Portal.Application\Portal.Application.csproj", "{BE19743B-259D-4991-AFEB-7275E6D45BCC}"
EndProject
Project("{9A19103F-16F7-4668-BE54-9A1E7A4F7556}") = "Portal.Domain", "Portal.Domain\Portal.Domain.csproj", "{47D923BD-F101-4CEE-A40D-5EA2970BD0FF}"
EndProject
Project("{9A19103F-16F7-4668-BE54-9A1E7A4F7556}") = "Portal.Tests", "Portal.Tests\Portal.Tests.csproj", "{46439111-B65E-4F81-AFC6-EC868FEFBA34}"
EndProject
Project("{9A19103F-16F7-4668-BE54-9A1E7A4F7556}") = "Portal.Infrastructure", "Portal.Infrastructure\Portal.Infrastructure.csproj", "{B2A301E2-7CE2-435B-ACD3-298B8D6F08DA}"
EndProject
Project("{9A19103F-16F7-4668-BE54-9A1E7A4F7556}") = "Portal.Web", "Portal.Web\Portal.Web.csproj", "{FCD1476F-66E8-4C4C-8587-D2EEABC69277}"
EndProject
Global
	GlobalSection(SolutionConfigurationPlatforms) = preSolution
		Debug|Any CPU = Debug|Any CPU
		Release|Any CPU = Release|Any CPU
	EndGlobalSection
	GlobalSection(ProjectConfigurationPlatforms) = postSolution
		{BE19743B-259D-4991-AFEB-7275E6D45BCC}.Debug|Any CPU.ActiveCfg = Debug|Any CPU
		{BE19743B-259D-4991-AFEB-7275E6D45BCC}.Debug|Any CPU.Build.0 = Debug|Any CPU
		{BE19743B-259D-4991-AFEB-7275E6D45BCC}.Release|Any CPU.ActiveCfg = Release|Any CPU
		{BE19743B-259D-4991-AFEB-7275E6D45BCC}.Release|Any CPU.Build.0 = Release|Any CPU
		{47D923BD-F101-4CEE-A40D-5EA2970BD0FF}.Debug|Any CPU.ActiveCfg = Debug|Any CPU
		{47D923BD-F101-4CEE-A40D-5EA2970BD0FF}.Debug|Any CPU.Build.0 = Debug|Any CPU
		{47D923BD-F101-4CEE-A40D-5EA2970BD0FF}.Release|Any CPU.ActiveCfg = Release|Any CPU
		{47D923BD-F101-4CEE-A40D-5EA2970BD0FF}.Release|Any CPU.Build.0 = Release|Any CPU
		{46439111-B65E-4F81-AFC6-EC868FEFBA34}.Debug|Any CPU.ActiveCfg = Debug|Any CPU
		{46439111-B65E-4F81-AFC6-EC868FEFBA34}.Debug|Any CPU.Build.0 = Debug|Any CPU
		{46439111-B65E-4F81-AFC6-EC868FEFBA34}.Release|Any CPU.ActiveCfg = Release|Any CPU
		{46439111-B65E-4F81-AFC6-EC868FEFBA34}.Release|Any CPU.Build.0 = Release|Any CPU
		{B2A301E2-7CE2-435B-ACD3-298B8D6F08DA}.Debug|Any CPU.ActiveCfg = Debug|Any CPU
		{B2A301E2-7CE2-435B-ACD3-298B8D6F08DA}.Debug|Any CPU.Build.0 = Debug|Any CPU
		{B2A301E2-7CE2-435B-ACD3-298B8D6F08DA}.Release|Any CPU.ActiveCfg = Release|Any CPU
		{B2A301E2-7CE2-435B-ACD3-298B8D6F08DA}.Release|Any CPU.Build.0 = Release|Any CPU
		{FCD1476F-66E8-4C4C-8587-D2EEABC69277}.Debug|Any CPU.ActiveCfg = Debug|Any CPU
		{FCD1476F-66E8-4C4C-8587-D2EEABC69277}.Debug|Any CPU.Build.0 = Debug|Any CPU
		{FCD1476F-66E8-4C4C-8587-D2EEABC69277}.Release|Any CPU.ActiveCfg = Release|Any CPU
		{FCD1476F-66E8-4C4C-8587-D2EEABC69277}.Release|Any CPU.Build.0 = Release|Any CPU
	EndGlobalSection
	GlobalSection(SolutionProperties) = preSolution
		HideSolutionNode = FALSE
	EndGlobalSection
	GlobalSection(ExtensibilityGlobals) = postSolution
		SolutionGuid = {0D133648-8AE8-42FD-A98B-BF90188C5558}
	EndGlobalSection
EndGlobal
